
Microsoft Visual Studio Solution File, Format Version 12.00
# Visual Studio 15
VisualStudioVersion = 15.0.27703.2047
MinimumVisualStudioVersion = 10.0.40219.1
Project("{FAE04EC0-301F-11D3-BF4B-00C04F79EFBC}") = "Bilim Drop", "Bilim Drop\Bilim Drop.csproj", "{147E0655-B6EE-4F84-B85E-65DCEE9BCB31}"
EndProject
Global
	GlobalSection(SolutionConfigurationPlatforms) = preSolution
		Debug|Any CPU = Debug|Any CPU
		Release|Any CPU = Release|Any CPU
	EndGlobalSection
	GlobalSection(ProjectConfigurationPlatforms) = postSolution
		{147E0655-B6EE-4F84-B85E-65DCEE9BCB31}.Debug|Any CPU.ActiveCfg = Debug|Any CPU
		{147E0655-B6EE-4F84-B85E-65DCEE9BCB31}.Debug|Any CPU.Build.0 = Debug|Any CPU
		{147E0655-B6EE-4F84-B85E-65DCEE9BCB31}.Release|Any CPU.ActiveCfg = Release|Any CPU
		{147E0655-B6EE-4F84-B85E-65DCEE9BCB31}.Release|Any CPU.Build.0 = Release|Any CPU
	EndGlobalSection
	GlobalSection(SolutionProperties) = preSolution
		HideSolutionNode = FALSE
	EndGlobalSection
	GlobalSection(ExtensibilityGlobals) = postSolution
		SolutionGuid = {C45B0A17-DD5E-454D-BCBD-390B6571DC19}
	EndGlobalSection
EndGlobal
